{
  "version": 1,
  "dependencies": {
    ".NETFramework,Version=v4.6.2": {
      "Digitalroot.Valheim.Common.References": {
        "type": "Direct",
        "requested": "[0.205.6, )",
        "resolved": "0.205.6",
        "contentHash": "zXSnFD/lHssUcRpM/gciECcTNW5CXa/GyWXaqHM5labGjLW4ALui5cxuZuoD5N2pjt98bHLKdGFIm1xGIfO+IA=="
      },
      "Digitalroot.Valheim.Common.Utils": {
        "type": "Direct",
        "requested": "[1.0.16, )",
        "resolved": "1.0.16",
        "contentHash": "1euZeHj5EN+aMpcJ9kIAfKNmhKVyXoqaJP8UbRLa5jZwCyBMUs7HLQUgqgXDfIe2yzOHxQCtVPnfRLwDgxH1uA==",
        "dependencies": {
          "Digitalroot.Valheim.Common.Log": "1.1.14",
          "Digitalroot.Valheim.Common.References": "0.205.6"
        }
      },
      "Digitalroot.Valheim.Common.Json": {
        "type": "Transitive",
        "resolved": "1.0.14",
        "contentHash": "4ogco1dwkUwExMfr23rV69SH6KqgyUA4P+Vtims8K53WPg8+5IIf6vHfcnk9HMrKxMm53CA83BVYlemL0grwkg==",
        "dependencies": {
          "UnityEngine.Modules": "[2019.4.32]",
          "fastJSON": "2.4.0.4"
        }
      },
      "Digitalroot.Valheim.Common.Log": {
        "type": "Transitive",
        "resolved": "1.1.14",
        "contentHash": "+w/4bla2r6TRvFagSjxfozcnqDiH/xPfD33QtTECkQj6LZPQtZOM8IA1zeV/77mIECpbMyomJAHTVURtFFlF0w==",
        "dependencies": {
          "Digitalroot.Valheim.Common.Json": "1.0.14"
        }
      },
      "fastJSON": {
        "type": "Transitive",
        "resolved": "2.4.0.4",
        "contentHash": "lbxY+miTOvCNbNfOk8HcbmBD9F6wv2dRKZlMjtJBm6rjA5vFKXBYtR6eoIe96HnCHOE1nCJbMsaZDKGNPg5mIA=="
      },
      "UnityEngine.Modules": {
        "type": "Transitive",
        "resolved": "2019.4.32",
        "contentHash": "7KmS0Nz+s89igz/tDBRk9PEmWqlwReQZf9E6tl6/uV5DndbaR5WInqis4y6Fwq1B++2leamS7qPffnW5+WQwUw=="
      }
    }
  }
}