{
  "version": 1,
  "dependencies": {
    ".NETFramework,Version=v4.8": {
      "Digitalroot.Valheim.Common.References": {
        "type": "Direct",
        "requested": "[0.217.30, )",
        "resolved": "0.217.30",
        "contentHash": "B1HHmPAlCire+YKJKYRiHpYRQHUyAiTrQtTujhua1AxQgMS6RCUlJ1kr3XNks3976gduuOsWJ2ydd6MHqLxRvA=="
      },
      "Digitalroot.Valheim.Common.Utils": {
        "type": "Direct",
        "requested": "[1.0.55, )",
        "resolved": "1.0.55",
        "contentHash": "J9VWU0c+GLXvUYKlBx0zeN5t49iCEnYWC27O2/CSC6IitOe3tR3YhSCanFvAQPNuR0UOpjmbUgHegA3t6NS6AQ==",
        "dependencies": {
          "Digitalroot.Valheim.Common.Log": "1.1.46"
        }
      },
      "Digitalroot.References.Unity": {
        "type": "Transitive",
        "resolved": "2022.3.12",
        "contentHash": "QgMwg+WAnbvmjxSuL+PKjr+35B0FhO0Thw9ddoSBrfBkYsMSCYAqJ0APsN2AQfXn3zVdJgP7Rw2S41DJfuBxRQ=="
      },
      "Digitalroot.Valheim.Common.Json": {
        "type": "Transitive",
        "resolved": "1.0.34",
        "contentHash": "L7xiFHkundjUriPdJeqpy+V65EjaJpIrQu925VV1E1JbvL16jcVDY32Hj5HoREUEe1Tn8VJSYJBU6SJTqha2kw==",
        "dependencies": {
          "Digitalroot.References.Unity": "2022.3.12",
          "Digitalroot.Valheim.Common.References": "0.217.30",
          "fastJSON": "2.4.0.4"
        }
      },
      "Digitalroot.Valheim.Common.Log": {
        "type": "Transitive",
        "resolved": "1.1.46",
        "contentHash": "WgwWYfcJJae4pQI0oRxkLj/NvFvYILo4p2P3nQkLX0i9fPpVB+eDlgAGUEsyG76PmsM/N7eZpGeiFvbnSDEEJQ==",
        "dependencies": {
          "Digitalroot.Valheim.Common.Json": "1.0.34"
        }
      },
      "fastJSON": {
        "type": "Transitive",
        "resolved": "2.4.0.4",
        "contentHash": "lbxY+miTOvCNbNfOk8HcbmBD9F6wv2dRKZlMjtJBm6rjA5vFKXBYtR6eoIe96HnCHOE1nCJbMsaZDKGNPg5mIA=="
      }
    }
  }
}