{
  "version": 1,
  "dependencies": {
    ".NETFramework,Version=v4.8": {
      "Digitalroot.Valheim.Common.References": {
        "type": "Direct",
        "requested": "[0.218.14, )",
        "resolved": "0.218.14",
        "contentHash": "8dMznAyPkousBWKy1zoq6JvYYLxEatNqoDoB9Ys/KfXSOHWnlLvrYmHwxB8tLb6lvruEQO0nBL/Il123lCIg/A=="
      },
      "Digitalroot.Valheim.Common.Utils": {
        "type": "Direct",
        "requested": "[1.0.59, )",
        "resolved": "1.0.59",
        "contentHash": "BdOnOWhfp0+6Ti9UHtKme9+UISt7r1SPoQ7wKLKBIy6KGxpMuvxzIOOpxWkcoKwFE8EbLFjJVBFeIMh5tWAHKg==",
        "dependencies": {
          "Digitalroot.Valheim.Common.Log": "1.1.49"
        }
      },
      "Microsoft.NETFramework.ReferenceAssemblies": {
        "type": "Direct",
        "requested": "[1.0.3, )",
        "resolved": "1.0.3",
        "contentHash": "vUc9Npcs14QsyOD01tnv/m8sQUnGTGOw1BCmKcv77LBJY7OxhJ+zJF7UD/sCL3lYNFuqmQEVlkfS4Quif6FyYg==",
        "dependencies": {
          "Microsoft.NETFramework.ReferenceAssemblies.net48": "1.0.3"
        }
      },
      "Digitalroot.References.Unity": {
        "type": "Transitive",
        "resolved": "2022.3.17",
        "contentHash": "edxgtveXwn+ACtMyak1McLwoQxKm/GXdh8Drcx2hoFl5VoFeR9wdwEz1yJdVtbamtecZOVghEn3tKKR3ekqOeg=="
      },
      "Digitalroot.Valheim.Common.Json": {
        "type": "Transitive",
        "resolved": "1.0.37",
        "contentHash": "8n4xCVSuNAe0B/EItitD7UNwkKp4twfDgT5Mw6CJH30E4OuoXMOnc2R4wMOiXoFmoekwirT+sR7CSacIftjyJQ==",
        "dependencies": {
          "Digitalroot.References.Unity": "2022.3.17"
        }
      },
      "Digitalroot.Valheim.Common.Log": {
        "type": "Transitive",
        "resolved": "1.1.49",
        "contentHash": "nfPJ4ISe+nkngFXmZNVnJ5woNdYwToUgPQAxj4Xp8xMEiqHVif1867d7ORpLDAWyT2KZ/3ctiaGF1GHCpdpE9g==",
        "dependencies": {
          "Digitalroot.Valheim.Common.Json": "1.0.37"
        }
      },
      "Microsoft.NETFramework.ReferenceAssemblies.net48": {
        "type": "Transitive",
        "resolved": "1.0.3",
        "contentHash": "zMk4D+9zyiEWByyQ7oPImPN/Jhpj166Ky0Nlla4eXlNL8hI/BtSJsgR8Inldd4NNpIAH3oh8yym0W2DrhXdSLQ=="
      }
    }
  }
}